
Microsoft Visual Studio Solution File, Format Version 12.00
Project("{FAE04EC0-301F-11D3-BF4B-00C04F79EFBC}") = "net", "net.csproj", "{F900B788-0064-4DF4-8C2F-31F5A180434A}"
EndProject
Global
	GlobalSection(SolutionConfigurationPlatforms) = preSolution
		Debug|Any CPU = Debug|Any CPU
		Release|Any CPU = Release|Any CPU
	EndGlobalSection
	GlobalSection(ProjectConfigurationPlatforms) = postSolution
		{F900B788-0064-4DF4-8C2F-31F5A180434A}.Debug|Any CPU.ActiveCfg = Debug|Any CPU
		{F900B788-0064-4DF4-8C2F-31F5A180434A}.Debug|Any CPU.Build.0 = Debug|Any CPU
		{F900B788-0064-4DF4-8C2F-31F5A180434A}.Release|Any CPU.ActiveCfg = Release|Any CPU
		{F900B788-0064-4DF4-8C2F-31F5A180434A}.Release|Any CPU.Build.0 = Release|Any CPU
	EndGlobalSection
EndGlobal
